
Microsoft Visual Studio Solution File, Format Version 12.00
# Visual Studio 14
VisualStudioVersion = 14.0.23107.0
MinimumVisualStudioVersion = 10.0.40219.1
Project("{FAE04EC0-301F-11D3-BF4B-00C04F79EFBC}") = "AA2Snowflake", "AA2Snowflake\AA2Snowflake.csproj", "{D0BF1F9F-19D4-4E0A-B7CB-779388D7C91D}"
EndProject
Project("{FAE04EC0-301F-11D3-BF4B-00C04F79EFBC}") = "SB3UtilityPP", "SB3UtilityPP\SB3UtilityPP.csproj", "{5647B104-8F58-4867-B849-DAC65D5243BD}"
EndProject
Project("{FAE04EC0-301F-11D3-BF4B-00C04F79EFBC}") = "AA2Data", "AA2Data\AA2Data.csproj", "{2690855A-9A7C-4DF3-A8C9-55CE10F6A05C}"
EndProject
Project("{FAE04EC0-301F-11D3-BF4B-00C04F79EFBC}") = "PluginLoader", "PluginLoader\PluginLoader.csproj", "{F98B71C8-20A9-4DDA-A56C-A29F6B75D0A9}"
EndProject
Project("{2150E333-8FDC-42A3-9474-1A3956D46DE8}") = "Plugins", "Plugins", "{3E7FACBF-8759-4A01-A450-1AD26B05FAB0}"
EndProject
Project("{FAE04EC0-301F-11D3-BF4B-00C04F79EFBC}") = "BatchClothPlugin", "BatchClothPlugin\BatchClothPlugin.csproj", "{E823E25B-7CF8-471D-9F16-FD2CAFACFCE1}"
EndProject
Project("{FAE04EC0-301F-11D3-BF4B-00C04F79EFBC}") = "PoseViewerPlugin", "PoseViewerPlugin\PoseViewerPlugin.csproj", "{66CF33CD-7987-4B0A-958A-C9D7A2B07F8B}"
EndProject
Global
	GlobalSection(SolutionConfigurationPlatforms) = preSolution
		Debug|Any CPU = Debug|Any CPU
		Debug|x86 = Debug|x86
		Release|Any CPU = Release|Any CPU
		Release|x86 = Release|x86
	EndGlobalSection
	GlobalSection(ProjectConfigurationPlatforms) = postSolution
		{D0BF1F9F-19D4-4E0A-B7CB-779388D7C91D}.Debug|Any CPU.ActiveCfg = Debug|Any CPU
		{D0BF1F9F-19D4-4E0A-B7CB-779388D7C91D}.Debug|Any CPU.Build.0 = Debug|Any CPU
		{D0BF1F9F-19D4-4E0A-B7CB-779388D7C91D}.Debug|x86.ActiveCfg = Debug|x86
		{D0BF1F9F-19D4-4E0A-B7CB-779388D7C91D}.Debug|x86.Build.0 = Debug|x86
		{D0BF1F9F-19D4-4E0A-B7CB-779388D7C91D}.Release|Any CPU.ActiveCfg = Release|x86
		{D0BF1F9F-19D4-4E0A-B7CB-779388D7C91D}.Release|Any CPU.Build.0 = Release|x86
		{D0BF1F9F-19D4-4E0A-B7CB-779388D7C91D}.Release|x86.ActiveCfg = Release|x86
		{D0BF1F9F-19D4-4E0A-B7CB-779388D7C91D}.Release|x86.Build.0 = Release|x86
		{5647B104-8F58-4867-B849-DAC65D5243BD}.Debug|Any CPU.ActiveCfg = Debug|x86
		{5647B104-8F58-4867-B849-DAC65D5243BD}.Debug|Any CPU.Build.0 = Debug|x86
		{5647B104-8F58-4867-B849-DAC65D5243BD}.Debug|x86.ActiveCfg = Debug|x86
		{5647B104-8F58-4867-B849-DAC65D5243BD}.Debug|x86.Build.0 = Debug|x86
		{5647B104-8F58-4867-B849-DAC65D5243BD}.Release|Any CPU.ActiveCfg = Release|x86
		{5647B104-8F58-4867-B849-DAC65D5243BD}.Release|Any CPU.Build.0 = Release|x86
		{5647B104-8F58-4867-B849-DAC65D5243BD}.Release|x86.ActiveCfg = Release|x86
		{5647B104-8F58-4867-B849-DAC65D5243BD}.Release|x86.Build.0 = Release|x86
		{2690855A-9A7C-4DF3-A8C9-55CE10F6A05C}.Debug|Any CPU.ActiveCfg = Debug|Any CPU
		{2690855A-9A7C-4DF3-A8C9-55CE10F6A05C}.Debug|Any CPU.Build.0 = Debug|Any CPU
		{2690855A-9A7C-4DF3-A8C9-55CE10F6A05C}.Debug|x86.ActiveCfg = Debug|x86
		{2690855A-9A7C-4DF3-A8C9-55CE10F6A05C}.Debug|x86.Build.0 = Debug|x86
		{2690855A-9A7C-4DF3-A8C9-55CE10F6A05C}.Release|Any CPU.ActiveCfg = Release|Any CPU
		{2690855A-9A7C-4DF3-A8C9-55CE10F6A05C}.Release|Any CPU.Build.0 = Release|Any CPU
		{2690855A-9A7C-4DF3-A8C9-55CE10F6A05C}.Release|x86.ActiveCfg = Release|x86
		{2690855A-9A7C-4DF3-A8C9-55CE10F6A05C}.Release|x86.Build.0 = Release|x86
		{F98B71C8-20A9-4DDA-A56C-A29F6B75D0A9}.Debug|Any CPU.ActiveCfg = Debug|Any CPU
		{F98B71C8-20A9-4DDA-A56C-A29F6B75D0A9}.Debug|Any CPU.Build.0 = Debug|Any CPU
		{F98B71C8-20A9-4DDA-A56C-A29F6B75D0A9}.Debug|x86.ActiveCfg = Debug|x86
		{F98B71C8-20A9-4DDA-A56C-A29F6B75D0A9}.Debug|x86.Build.0 = Debug|x86
		{F98B71C8-20A9-4DDA-A56C-A29F6B75D0A9}.Release|Any CPU.ActiveCfg = Release|Any CPU
		{F98B71C8-20A9-4DDA-A56C-A29F6B75D0A9}.Release|Any CPU.Build.0 = Release|Any CPU
		{F98B71C8-20A9-4DDA-A56C-A29F6B75D0A9}.Release|x86.ActiveCfg = Release|x86
		{F98B71C8-20A9-4DDA-A56C-A29F6B75D0A9}.Release|x86.Build.0 = Release|x86
		{E823E25B-7CF8-471D-9F16-FD2CAFACFCE1}.Debug|Any CPU.ActiveCfg = Debug|Any CPU
		{E823E25B-7CF8-471D-9F16-FD2CAFACFCE1}.Debug|Any CPU.Build.0 = Debug|Any CPU
		{E823E25B-7CF8-471D-9F16-FD2CAFACFCE1}.Debug|x86.ActiveCfg = Debug|x86
		{E823E25B-7CF8-471D-9F16-FD2CAFACFCE1}.Debug|x86.Build.0 = Debug|x86
		{E823E25B-7CF8-471D-9F16-FD2CAFACFCE1}.Release|Any CPU.ActiveCfg = Release|Any CPU
		{E823E25B-7CF8-471D-9F16-FD2CAFACFCE1}.Release|Any CPU.Build.0 = Release|Any CPU
		{E823E25B-7CF8-471D-9F16-FD2CAFACFCE1}.Release|x86.ActiveCfg = Release|x86
		{E823E25B-7CF8-471D-9F16-FD2CAFACFCE1}.Release|x86.Build.0 = Release|x86
		{66CF33CD-7987-4B0A-958A-C9D7A2B07F8B}.Debug|Any CPU.ActiveCfg = Debug|Any CPU
		{66CF33CD-7987-4B0A-958A-C9D7A2B07F8B}.Debug|Any CPU.Build.0 = Debug|Any CPU
		{66CF33CD-7987-4B0A-958A-C9D7A2B07F8B}.Debug|x86.ActiveCfg = Debug|x86
		{66CF33CD-7987-4B0A-958A-C9D7A2B07F8B}.Debug|x86.Build.0 = Debug|x86
		{66CF33CD-7987-4B0A-958A-C9D7A2B07F8B}.Release|Any CPU.ActiveCfg = Release|Any CPU
		{66CF33CD-7987-4B0A-958A-C9D7A2B07F8B}.Release|Any CPU.Build.0 = Release|Any CPU
		{66CF33CD-7987-4B0A-958A-C9D7A2B07F8B}.Release|x86.ActiveCfg = Release|x86
		{66CF33CD-7987-4B0A-958A-C9D7A2B07F8B}.Release|x86.Build.0 = Release|x86
	EndGlobalSection
	GlobalSection(SolutionProperties) = preSolution
		HideSolutionNode = FALSE
	EndGlobalSection
	GlobalSection(NestedProjects) = preSolution
		{E823E25B-7CF8-471D-9F16-FD2CAFACFCE1} = {3E7FACBF-8759-4A01-A450-1AD26B05FAB0}
		{66CF33CD-7987-4B0A-958A-C9D7A2B07F8B} = {3E7FACBF-8759-4A01-A450-1AD26B05FAB0}
	EndGlobalSection
EndGlobal
