
Microsoft Visual Studio Solution File, Format Version 12.00
# Visual Studio 14
VisualStudioVersion = 14.0.23107.0
MinimumVisualStudioVersion = 10.0.40219.1
Project("{FAE04EC0-301F-11D3-BF4B-00C04F79EFBC}") = "AA2Snowflake", "AA2Snowflake\AA2Snowflake.csproj", "{D0BF1F9F-19D4-4E0A-B7CB-779388D7C91D}"
EndProject
Project("{FAE04EC0-301F-11D3-BF4B-00C04F79EFBC}") = "SB3UtilityPP", "SB3UtilityPP\SB3UtilityPP.csproj", "{5647B104-8F58-4867-B849-DAC65D5243BD}"
EndProject
Project("{FAE04EC0-301F-11D3-BF4B-00C04F79EFBC}") = "AA2CardEditor", "AA2CardEditor\AA2CardEditor.csproj", "{82358432-2268-408F-871D-3664E2B76EEC}"
EndProject
Global
	GlobalSection(SolutionConfigurationPlatforms) = preSolution
		Debug|Any CPU = Debug|Any CPU
		Debug|x86 = Debug|x86
		Release|Any CPU = Release|Any CPU
		Release|x86 = Release|x86
	EndGlobalSection
	GlobalSection(ProjectConfigurationPlatforms) = postSolution
		{D0BF1F9F-19D4-4E0A-B7CB-779388D7C91D}.Debug|Any CPU.ActiveCfg = Debug|Any CPU
		{D0BF1F9F-19D4-4E0A-B7CB-779388D7C91D}.Debug|Any CPU.Build.0 = Debug|Any CPU
		{D0BF1F9F-19D4-4E0A-B7CB-779388D7C91D}.Debug|x86.ActiveCfg = Debug|x86
		{D0BF1F9F-19D4-4E0A-B7CB-779388D7C91D}.Debug|x86.Build.0 = Debug|x86
		{D0BF1F9F-19D4-4E0A-B7CB-779388D7C91D}.Release|Any CPU.ActiveCfg = Release|x86
		{D0BF1F9F-19D4-4E0A-B7CB-779388D7C91D}.Release|Any CPU.Build.0 = Release|x86
		{D0BF1F9F-19D4-4E0A-B7CB-779388D7C91D}.Release|x86.ActiveCfg = Release|x86
		{D0BF1F9F-19D4-4E0A-B7CB-779388D7C91D}.Release|x86.Build.0 = Release|x86
		{5647B104-8F58-4867-B849-DAC65D5243BD}.Debug|Any CPU.ActiveCfg = Debug|x86
		{5647B104-8F58-4867-B849-DAC65D5243BD}.Debug|Any CPU.Build.0 = Debug|x86
		{5647B104-8F58-4867-B849-DAC65D5243BD}.Debug|x86.ActiveCfg = Debug|x86
		{5647B104-8F58-4867-B849-DAC65D5243BD}.Debug|x86.Build.0 = Debug|x86
		{5647B104-8F58-4867-B849-DAC65D5243BD}.Release|Any CPU.ActiveCfg = Release|x86
		{5647B104-8F58-4867-B849-DAC65D5243BD}.Release|Any CPU.Build.0 = Release|x86
		{5647B104-8F58-4867-B849-DAC65D5243BD}.Release|x86.ActiveCfg = Release|x86
		{5647B104-8F58-4867-B849-DAC65D5243BD}.Release|x86.Build.0 = Release|x86
		{82358432-2268-408F-871D-3664E2B76EEC}.Debug|Any CPU.ActiveCfg = Debug|x86
		{82358432-2268-408F-871D-3664E2B76EEC}.Debug|Any CPU.Build.0 = Debug|x86
		{82358432-2268-408F-871D-3664E2B76EEC}.Debug|x86.ActiveCfg = Debug|x86
		{82358432-2268-408F-871D-3664E2B76EEC}.Debug|x86.Build.0 = Debug|x86
		{82358432-2268-408F-871D-3664E2B76EEC}.Release|Any CPU.ActiveCfg = Release|x86
		{82358432-2268-408F-871D-3664E2B76EEC}.Release|Any CPU.Build.0 = Release|x86
		{82358432-2268-408F-871D-3664E2B76EEC}.Release|x86.ActiveCfg = Release|x86
		{82358432-2268-408F-871D-3664E2B76EEC}.Release|x86.Build.0 = Release|x86
	EndGlobalSection
	GlobalSection(SolutionProperties) = preSolution
		HideSolutionNode = FALSE
	EndGlobalSection
EndGlobal
